# THIS IS AN AUTOGENERATED FILE. DO NOT EDIT THIS FILE DIRECTLY.
# yarn lockfile v1


"@playwright/test@^1.45.1":
  version "1.45.1"
  resolved "https://registry.yarnpkg.com/@playwright/test/-/test-1.45.1.tgz#819b90fa43d17000fce5ebd127043fd661938b7a"
  integrity sha512-Wo1bWTzQvGA7LyKGIZc8nFSTFf2TkthGIFBR+QVNilvwouGzFd4PYukZe3rvf5PSqjHi1+1NyKSDZKcQWETzaA==
  dependencies:
    playwright "1.45.1"

"@types/node@^20.8.2":
  version "20.8.2"
  resolved "https://registry.yarnpkg.com/@types/node/-/node-20.8.2.tgz#d76fb80d87d0d8abfe334fc6d292e83e5524efc4"
  integrity sha512-Vvycsc9FQdwhxE3y3DzeIxuEJbWGDsnrxvMADzTDF/lcdR9/K+AQIeAghTQsHtotg/q0j3WEOYS/jQgSdWue3w==

fsevents@2.3.2:
  version "2.3.2"
  resolved "https://registry.yarnpkg.com/fsevents/-/fsevents-2.3.2.tgz#8a526f78b8fdf4623b709e0b975c52c24c02fd1a"
  integrity sha512-xiqMQR4xAeHTuB9uWm+fFRcIOgKBMiOBP+eXiyT7jsgVCq1bkVygt00oASowB7EdtpOHaaPgKt812P9ab+DDKA==

playwright-core@1.45.1:
  version "1.45.1"
  resolved "https://registry.yarnpkg.com/playwright-core/-/playwright-core-1.45.1.tgz#549a2701556b58245cc75263f9fc2795c1158dc1"
  integrity sha512-LF4CUUtrUu2TCpDw4mcrAIuYrEjVDfT1cHbJMfwnE2+1b8PZcFzPNgvZCvq2JfQ4aTjRCCHw5EJ2tmr2NSzdPg==

playwright@1.45.1:
  version "1.45.1"
  resolved "https://registry.yarnpkg.com/playwright/-/playwright-1.45.1.tgz#aaa6b0d6db14796b599d80c6679e63444e942534"
  integrity sha512-Hjrgae4kpSQBr98nhCj3IScxVeVUixqj+5oyif8TdIn2opTCPEzqAqNMeK42i3cWDCVu9MI+ZsGWw+gVR4ISBg==
  dependencies:
    playwright-core "1.45.1"
  optionalDependencies:
    fsevents "2.3.2"
